
Microsoft Visual Studio Solution File, Format Version 12.00
# Visual Studio Version 16
VisualStudioVersion = 16.0.30503.244
MinimumVisualStudioVersion = 10.0.40219.1
Project("{FAE04EC0-301F-11D3-BF4B-00C04F79EFBC}") = "Интерполяция", "Интерполяция\Интерполяция.csproj", "{E2B95FB2-8324-4A4D-8F08-92DC9BDCA314}"
EndProject
Global
	GlobalSection(SolutionConfigurationPlatforms) = preSolution
		Debug|Any CPU = Debug|Any CPU
		Release|Any CPU = Release|Any CPU
	EndGlobalSection
	GlobalSection(ProjectConfigurationPlatforms) = postSolution
		{E2B95FB2-8324-4A4D-8F08-92DC9BDCA314}.Debug|Any CPU.ActiveCfg = Debug|Any CPU
		{E2B95FB2-8324-4A4D-8F08-92DC9BDCA314}.Debug|Any CPU.Build.0 = Debug|Any CPU
		{E2B95FB2-8324-4A4D-8F08-92DC9BDCA314}.Release|Any CPU.ActiveCfg = Release|Any CPU
		{E2B95FB2-8324-4A4D-8F08-92DC9BDCA314}.Release|Any CPU.Build.0 = Release|Any CPU
	EndGlobalSection
	GlobalSection(SolutionProperties) = preSolution
		HideSolutionNode = FALSE
	EndGlobalSection
	GlobalSection(ExtensibilityGlobals) = postSolution
		SolutionGuid = {15B29C9E-5450-44B2-A623-787CEA74A0EF}
	EndGlobalSection
EndGlobal
