
Microsoft Visual Studio Solution File, Format Version 12.00
# Visual Studio Version 16
VisualStudioVersion = 16.0.30503.244
MinimumVisualStudioVersion = 10.0.40219.1
Project("{FAE04EC0-301F-11D3-BF4B-00C04F79EFBC}") = "Задача Коши Метод Эйлера", "Задача Коши Метод Эйлера\Задача Коши Метод Эйлера.csproj", "{CFEF02E9-6D62-4D6C-8DCB-C20F355F5230}"
EndProject
Global
	GlobalSection(SolutionConfigurationPlatforms) = preSolution
		Debug|Any CPU = Debug|Any CPU
		Release|Any CPU = Release|Any CPU
	EndGlobalSection
	GlobalSection(ProjectConfigurationPlatforms) = postSolution
		{CFEF02E9-6D62-4D6C-8DCB-C20F355F5230}.Debug|Any CPU.ActiveCfg = Debug|Any CPU
		{CFEF02E9-6D62-4D6C-8DCB-C20F355F5230}.Debug|Any CPU.Build.0 = Debug|Any CPU
		{CFEF02E9-6D62-4D6C-8DCB-C20F355F5230}.Release|Any CPU.ActiveCfg = Release|Any CPU
		{CFEF02E9-6D62-4D6C-8DCB-C20F355F5230}.Release|Any CPU.Build.0 = Release|Any CPU
	EndGlobalSection
	GlobalSection(SolutionProperties) = preSolution
		HideSolutionNode = FALSE
	EndGlobalSection
	GlobalSection(ExtensibilityGlobals) = postSolution
		SolutionGuid = {A55CBBAA-C690-4E03-B504-2B5536D58677}
	EndGlobalSection
EndGlobal
